
Microsoft Visual Studio Solution File, Format Version 12.00
# Visual Studio Version 16
VisualStudioVersion = 16.0.30128.74
MinimumVisualStudioVersion = 10.0.40219.1
Project("{FAE04EC0-301F-11D3-BF4B-00C04F79EFBC}") = "Sector_dll", "Sector_dll\Sector_dll.csproj", "{82B4E0FC-EFF6-454E-8EDF-DB8D5BDFC422}"
	ProjectSection(ProjectDependencies) = postProject
		{B3A3D6A5-1A32-49B2-A748-2C053A651774} = {B3A3D6A5-1A32-49B2-A748-2C053A651774}
	EndProjectSection
EndProject
Project("{8BC9CEB8-8B4A-11D0-8D11-00A0C91BC942}") = "Loader", "Loader\Loader.vcxproj", "{62E72549-0B1C-4D61-B0CE-4155AE8A96B7}"
	ProjectSection(ProjectDependencies) = postProject
		{BE374201-B519-4B85-8B8F-CF559212D2F0} = {BE374201-B519-4B85-8B8F-CF559212D2F0}
	EndProjectSection
EndProject
Project("{8BC9CEB8-8B4A-11D0-8D11-00A0C91BC942}") = "NativeLoader", "NativeLoader\NativeLoader.vcxproj", "{B3A3D6A5-1A32-49B2-A748-2C053A651774}"
EndProject
Project("{FAE04EC0-301F-11D3-BF4B-00C04F79EFBC}") = "StringsDumper", "StringsDumper\StringsDumper.csproj", "{6A8098C6-7166-42F9-8FDF-14704A6E4A25}"
EndProject
Project("{FAE04EC0-301F-11D3-BF4B-00C04F79EFBC}") = "EACEmulator", "EACEmulator\EACEmulator.csproj", "{BE374201-B519-4B85-8B8F-CF559212D2F0}"
EndProject
Project("{8BC9CEB8-8B4A-11D0-8D11-00A0C91BC942}") = "Injector", "Injector\Injector.vcxproj", "{E6AAEF09-923B-405A-AF7A-7EB4A55C206C}"
	ProjectSection(ProjectDependencies) = postProject
		{82B4E0FC-EFF6-454E-8EDF-DB8D5BDFC422} = {82B4E0FC-EFF6-454E-8EDF-DB8D5BDFC422}
	EndProjectSection
EndProject
Global
	GlobalSection(SolutionConfigurationPlatforms) = preSolution
		Debug|Any CPU = Debug|Any CPU
		Debug|x64 = Debug|x64
		Debug|x86 = Debug|x86
		Release|Any CPU = Release|Any CPU
		Release|x64 = Release|x64
		Release|x86 = Release|x86
	EndGlobalSection
	GlobalSection(ProjectConfigurationPlatforms) = postSolution
		{82B4E0FC-EFF6-454E-8EDF-DB8D5BDFC422}.Debug|Any CPU.ActiveCfg = Debug|x64
		{82B4E0FC-EFF6-454E-8EDF-DB8D5BDFC422}.Debug|Any CPU.Build.0 = Debug|x64
		{82B4E0FC-EFF6-454E-8EDF-DB8D5BDFC422}.Debug|x64.ActiveCfg = Debug|x64
		{82B4E0FC-EFF6-454E-8EDF-DB8D5BDFC422}.Debug|x64.Build.0 = Debug|x64
		{82B4E0FC-EFF6-454E-8EDF-DB8D5BDFC422}.Debug|x86.ActiveCfg = Debug|x64
		{82B4E0FC-EFF6-454E-8EDF-DB8D5BDFC422}.Release|Any CPU.ActiveCfg = Release|x64
		{82B4E0FC-EFF6-454E-8EDF-DB8D5BDFC422}.Release|x64.ActiveCfg = Release|x64
		{82B4E0FC-EFF6-454E-8EDF-DB8D5BDFC422}.Release|x64.Build.0 = Release|x64
		{82B4E0FC-EFF6-454E-8EDF-DB8D5BDFC422}.Release|x86.ActiveCfg = Release|x64
		{62E72549-0B1C-4D61-B0CE-4155AE8A96B7}.Debug|Any CPU.ActiveCfg = Debug|Win32
		{62E72549-0B1C-4D61-B0CE-4155AE8A96B7}.Debug|Any CPU.Build.0 = Debug|Win32
		{62E72549-0B1C-4D61-B0CE-4155AE8A96B7}.Debug|x64.ActiveCfg = Debug|x64
		{62E72549-0B1C-4D61-B0CE-4155AE8A96B7}.Debug|x64.Build.0 = Debug|x64
		{62E72549-0B1C-4D61-B0CE-4155AE8A96B7}.Debug|x86.ActiveCfg = Debug|Win32
		{62E72549-0B1C-4D61-B0CE-4155AE8A96B7}.Debug|x86.Build.0 = Debug|Win32
		{62E72549-0B1C-4D61-B0CE-4155AE8A96B7}.Release|Any CPU.ActiveCfg = Release|Win32
		{62E72549-0B1C-4D61-B0CE-4155AE8A96B7}.Release|x64.ActiveCfg = Release|x64
		{62E72549-0B1C-4D61-B0CE-4155AE8A96B7}.Release|x64.Build.0 = Release|x64
		{62E72549-0B1C-4D61-B0CE-4155AE8A96B7}.Release|x86.ActiveCfg = Release|Win32
		{62E72549-0B1C-4D61-B0CE-4155AE8A96B7}.Release|x86.Build.0 = Release|Win32
		{B3A3D6A5-1A32-49B2-A748-2C053A651774}.Debug|Any CPU.ActiveCfg = Debug|Win32
		{B3A3D6A5-1A32-49B2-A748-2C053A651774}.Debug|Any CPU.Build.0 = Debug|Win32
		{B3A3D6A5-1A32-49B2-A748-2C053A651774}.Debug|x64.ActiveCfg = Debug|x64
		{B3A3D6A5-1A32-49B2-A748-2C053A651774}.Debug|x64.Build.0 = Debug|x64
		{B3A3D6A5-1A32-49B2-A748-2C053A651774}.Debug|x86.ActiveCfg = Debug|Win32
		{B3A3D6A5-1A32-49B2-A748-2C053A651774}.Debug|x86.Build.0 = Debug|Win32
		{B3A3D6A5-1A32-49B2-A748-2C053A651774}.Release|Any CPU.ActiveCfg = Release|Win32
		{B3A3D6A5-1A32-49B2-A748-2C053A651774}.Release|x64.ActiveCfg = Release|x64
		{B3A3D6A5-1A32-49B2-A748-2C053A651774}.Release|x64.Build.0 = Release|x64
		{B3A3D6A5-1A32-49B2-A748-2C053A651774}.Release|x86.ActiveCfg = Release|Win32
		{B3A3D6A5-1A32-49B2-A748-2C053A651774}.Release|x86.Build.0 = Release|Win32
		{6A8098C6-7166-42F9-8FDF-14704A6E4A25}.Debug|Any CPU.ActiveCfg = Debug|Any CPU
		{6A8098C6-7166-42F9-8FDF-14704A6E4A25}.Debug|Any CPU.Build.0 = Debug|Any CPU
		{6A8098C6-7166-42F9-8FDF-14704A6E4A25}.Debug|x64.ActiveCfg = Debug|x64
		{6A8098C6-7166-42F9-8FDF-14704A6E4A25}.Debug|x64.Build.0 = Debug|x64
		{6A8098C6-7166-42F9-8FDF-14704A6E4A25}.Debug|x86.ActiveCfg = Debug|Any CPU
		{6A8098C6-7166-42F9-8FDF-14704A6E4A25}.Debug|x86.Build.0 = Debug|Any CPU
		{6A8098C6-7166-42F9-8FDF-14704A6E4A25}.Release|Any CPU.ActiveCfg = Release|Any CPU
		{6A8098C6-7166-42F9-8FDF-14704A6E4A25}.Release|Any CPU.Build.0 = Release|Any CPU
		{6A8098C6-7166-42F9-8FDF-14704A6E4A25}.Release|x64.ActiveCfg = Release|x64
		{6A8098C6-7166-42F9-8FDF-14704A6E4A25}.Release|x64.Build.0 = Release|x64
		{6A8098C6-7166-42F9-8FDF-14704A6E4A25}.Release|x86.ActiveCfg = Release|Any CPU
		{6A8098C6-7166-42F9-8FDF-14704A6E4A25}.Release|x86.Build.0 = Release|Any CPU
		{BE374201-B519-4B85-8B8F-CF559212D2F0}.Debug|Any CPU.ActiveCfg = Debug|Any CPU
		{BE374201-B519-4B85-8B8F-CF559212D2F0}.Debug|Any CPU.Build.0 = Debug|Any CPU
		{BE374201-B519-4B85-8B8F-CF559212D2F0}.Debug|x64.ActiveCfg = Debug|x64
		{BE374201-B519-4B85-8B8F-CF559212D2F0}.Debug|x64.Build.0 = Debug|x64
		{BE374201-B519-4B85-8B8F-CF559212D2F0}.Debug|x86.ActiveCfg = Debug|Any CPU
		{BE374201-B519-4B85-8B8F-CF559212D2F0}.Debug|x86.Build.0 = Debug|Any CPU
		{BE374201-B519-4B85-8B8F-CF559212D2F0}.Release|Any CPU.ActiveCfg = Release|Any CPU
		{BE374201-B519-4B85-8B8F-CF559212D2F0}.Release|Any CPU.Build.0 = Release|Any CPU
		{BE374201-B519-4B85-8B8F-CF559212D2F0}.Release|x64.ActiveCfg = Release|x64
		{BE374201-B519-4B85-8B8F-CF559212D2F0}.Release|x64.Build.0 = Release|x64
		{BE374201-B519-4B85-8B8F-CF559212D2F0}.Release|x86.ActiveCfg = Release|Any CPU
		{BE374201-B519-4B85-8B8F-CF559212D2F0}.Release|x86.Build.0 = Release|Any CPU
		{E6AAEF09-923B-405A-AF7A-7EB4A55C206C}.Debug|Any CPU.ActiveCfg = Debug|Win32
		{E6AAEF09-923B-405A-AF7A-7EB4A55C206C}.Debug|x64.ActiveCfg = Debug|x64
		{E6AAEF09-923B-405A-AF7A-7EB4A55C206C}.Debug|x64.Build.0 = Debug|x64
		{E6AAEF09-923B-405A-AF7A-7EB4A55C206C}.Debug|x86.ActiveCfg = Debug|Win32
		{E6AAEF09-923B-405A-AF7A-7EB4A55C206C}.Debug|x86.Build.0 = Debug|Win32
		{E6AAEF09-923B-405A-AF7A-7EB4A55C206C}.Release|Any CPU.ActiveCfg = Release|Win32
		{E6AAEF09-923B-405A-AF7A-7EB4A55C206C}.Release|x64.ActiveCfg = Release|x64
		{E6AAEF09-923B-405A-AF7A-7EB4A55C206C}.Release|x64.Build.0 = Release|x64
		{E6AAEF09-923B-405A-AF7A-7EB4A55C206C}.Release|x86.ActiveCfg = Release|Win32
		{E6AAEF09-923B-405A-AF7A-7EB4A55C206C}.Release|x86.Build.0 = Release|Win32
	EndGlobalSection
	GlobalSection(SolutionProperties) = preSolution
		HideSolutionNode = FALSE
	EndGlobalSection
	GlobalSection(ExtensibilityGlobals) = postSolution
		SolutionGuid = {5F5F9EF6-965D-4DF2-9C60-16399C781AC0}
	EndGlobalSection
EndGlobal
